{
  "version": "v1",
  "packages": {
    "@sparrowmini/common-ui-nm": {
      "signature": "cf2dc8fa5fc45dd55cd65eacbbecddde",
      "file": true
    },
    "@sparrowmini/common": {
      "signature": "982da69ef4fc62fcbcbe420b260b1069",
      "file": true
    },
    "@sparrowmini/common-api": {
      "signature": "fd9b0e245e7a14ab76a1860efe4e08b2",
      "file": true
    }
  }
}