{
  "version": "v1",
  "packages": {
    "@sparrowmini/common-ui-nm": {
      "signature": "1e9ef2d2b01218004dd13cbf72e15b54",
      "file": true
    },
    "@sparrowmini/common": {
      "signature": "982da69ef4fc62fcbcbe420b260b1069",
      "file": true
    },
    "@sparrowmini/common-api": {
      "signature": "2bc143a0c81ad50407b3cc65fbc80c4d",
      "file": true
    }
  }
}