{
  "version": "v1",
  "packages": {
    "@sparrowmini/common-ui-nm": {
      "signature": "3bad945119eafc41fdc0501e927dd0e7",
      "file": true
    },
    "@sparrowmini/common": {
      "signature": "982da69ef4fc62fcbcbe420b260b1069",
      "file": true
    },
    "@sparrowmini/common-api": {
      "signature": "b4aeb6bcba3426df1f905125e6699471",
      "file": true
    }
  }
}